
Microsoft Visual Studio Solution File, Format Version 12.00
# Visual Studio Version 17
VisualStudioVersion = 17.4.33213.308
MinimumVisualStudioVersion = 10.0.40219.1
Project("{FAE04EC0-301F-11D3-BF4B-00C04F79EFBC}") = "AppText", "AppText\AppText.csproj", "{A19F71A3-972A-4025-9DB0-7D2ECF9DA5D6}"
EndProject
Global
	GlobalSection(SolutionConfigurationPlatforms) = preSolution
		Debug|Any CPU = Debug|Any CPU
		Release|Any CPU = Release|Any CPU
	EndGlobalSection
	GlobalSection(ProjectConfigurationPlatforms) = postSolution
		{A19F71A3-972A-4025-9DB0-7D2ECF9DA5D6}.Debug|Any CPU.ActiveCfg = Debug|Any CPU
		{A19F71A3-972A-4025-9DB0-7D2ECF9DA5D6}.Debug|Any CPU.Build.0 = Debug|Any CPU
		{A19F71A3-972A-4025-9DB0-7D2ECF9DA5D6}.Release|Any CPU.ActiveCfg = Release|Any CPU
		{A19F71A3-972A-4025-9DB0-7D2ECF9DA5D6}.Release|Any CPU.Build.0 = Release|Any CPU
	EndGlobalSection
	GlobalSection(SolutionProperties) = preSolution
		HideSolutionNode = FALSE
	EndGlobalSection
	GlobalSection(ExtensibilityGlobals) = postSolution
		SolutionGuid = {7060DD0E-0F23-401B-BDA6-187121A1A5DB}
	EndGlobalSection
EndGlobal
